
Microsoft Visual Studio Solution File, Format Version 12.00
# Visual Studio 15
VisualStudioVersion = 15.0.28307.271
MinimumVisualStudioVersion = 10.0.40219.1
Project("{FAE04EC0-301F-11D3-BF4B-00C04F79EFBC}") = "Guzik Mistrz", "Guzik Mistrz\Guzik Mistrz.csproj", "{649FE27F-A5EC-4077-8E81-5DFBE5D89EA4}"
EndProject
Global
	GlobalSection(SolutionConfigurationPlatforms) = preSolution
		Debug|Any CPU = Debug|Any CPU
		Release|Any CPU = Release|Any CPU
	EndGlobalSection
	GlobalSection(ProjectConfigurationPlatforms) = postSolution
		{649FE27F-A5EC-4077-8E81-5DFBE5D89EA4}.Debug|Any CPU.ActiveCfg = Debug|Any CPU
		{649FE27F-A5EC-4077-8E81-5DFBE5D89EA4}.Debug|Any CPU.Build.0 = Debug|Any CPU
		{649FE27F-A5EC-4077-8E81-5DFBE5D89EA4}.Release|Any CPU.ActiveCfg = Release|Any CPU
		{649FE27F-A5EC-4077-8E81-5DFBE5D89EA4}.Release|Any CPU.Build.0 = Release|Any CPU
	EndGlobalSection
	GlobalSection(SolutionProperties) = preSolution
		HideSolutionNode = FALSE
	EndGlobalSection
	GlobalSection(ExtensibilityGlobals) = postSolution
		SolutionGuid = {DE953E88-CFF1-4370-A26F-054A07681010}
	EndGlobalSection
EndGlobal
